// !$*UTF8*$!
{
	archiveVersion = 1;
	classes = {
	};
	objectVersion = 46;
	objects = {

/* Begin PBXBuildFile section */
		7D558EF51D439BD9004B8757 /* AppDelegate.swift in Sources */ = {isa = PBXBuildFile; fileRef = 7D558EED1D439BD9004B8757 /* AppDelegate.swift */; };
		7D558EF61D439BD9004B8757 /* Assets.xcassets in Resources */ = {isa = PBXBuildFile; fileRef = 7D558EEE1D439BD9004B8757 /* Assets.xcassets */; };
		7D558EFA1D439BD9004B8757 /* ViewController.swift in Sources */ = {isa = PBXBuildFile; fileRef = 7D558EF41D439BD9004B8757 /* ViewController.swift */; };
		7D9236081D439D2400809028 /* LaunchScreen.storyboard in Resources */ = {isa = PBXBuildFile; fileRef = 7D9236021D439D1C00809028 /* LaunchScreen.storyboard */; };
		7D9236091D439D2900809028 /* Main.storyboard in Resources */ = {isa = PBXBuildFile; fileRef = 7D9236041D439D1C00809028 /* Main.storyboard */; };
/* End PBXBuildFile section */

/* Begin PBXFileReference section */
		7D1E82B21D2EDE16005EEB68 /* iOS10AnimationApi.app */ = {isa = PBXFileReference; explicitFileType = wrapper.application; includeInIndex = 0; path = iOS10AnimationApi.app; sourceTree = BUILT_PRODUCTS_DIR; };
		7D558EED1D439BD9004B8757 /* AppDelegate.swift */ = {isa = PBXFileReference; fileEncoding = 4; lastKnownFileType = sourcecode.swift; path = AppDelegate.swift; sourceTree = "<group>"; };
		7D558EEE1D439BD9004B8757 /* Assets.xcassets */ = {isa = PBXFileReference; lastKnownFileType = folder.assetcatalog; path = Assets.xcassets; sourceTree = "<group>"; };
		7D558EF31D439BD9004B8757 /* Info.plist */ = {isa = PBXFileReference; fileEncoding = 4; lastKnownFileType = text.plist.xml; path = Info.plist; sourceTree = "<group>"; };
		7D558EF41D439BD9004B8757 /* ViewController.swift */ = {isa = PBXFileReference; fileEncoding = 4; lastKnownFileType = sourcecode.swift; path = ViewController.swift; sourceTree = "<group>"; };
		7D9236031D439D1C00809028 /* Base */ = {isa = PBXFileReference; lastKnownFileType = file.storyboard; name = Base; path = LaunchScreen.storyboard; sourceTree = "<group>"; };
		7D9236051D439D1C00809028 /* Base */ = {isa = PBXFileReference; lastKnownFileType = file.storyboard; name = Base; path = Main.storyboard; sourceTree = "<group>"; };
/* End PBXFileReference section */

/* Begin PBXFrameworksBuildPhase section */
		7D1E82AF1D2EDE15005EEB68 /* Frameworks */ = {
			isa = PBXFrameworksBuildPhase;
			buildActionMask = 2147483647;
			files = (
			);
			runOnlyForDeploymentPostprocessing = 0;
		};
/* End PBXFrameworksBuildPhase section */

/* Begin PBXGroup section */
		7D1E82A91D2EDE15005EEB68 = {
			isa = PBXGroup;
			children = (
				7D558EEC1D439BD9004B8757 /* iOS10AnimationApi */,
				7D1E82B31D2EDE16005EEB68 /* Products */,
			);
			sourceTree = "<group>";
		};
		7D1E82B31D2EDE16005EEB68 /* Products */ = {
			isa = PBXGroup;
			children = (
				7D1E82B21D2EDE16005EEB68 /* iOS10AnimationApi.app */,
			);
			name = Products;
			sourceTree = "<group>";
		};
		7D558EEC1D439BD9004B8757 /* iOS10AnimationApi */ = {
			isa = PBXGroup;
			children = (
				7D92360A1D439D4800809028 /* Classes */,
				7D558EED1D439BD9004B8757 /* AppDelegate.swift */,
				7D558EEE1D439BD9004B8757 /* Assets.xcassets */,
				7D558EF31D439BD9004B8757 /* Info.plist */,
				7D9236011D439D1C00809028 /* Base.lproj */,
			);
			path = iOS10AnimationApi;
			sourceTree = "<group>";
		};
		7D9236011D439D1C00809028 /* Base.lproj */ = {
			isa = PBXGroup;
			children = (
				7D9236021D439D1C00809028 /* LaunchScreen.storyboard */,
				7D9236041D439D1C00809028 /* Main.storyboard */,
			);
			path = Base.lproj;
			sourceTree = "<group>";
		};
		7D92360A1D439D4800809028 /* Classes */ = {
			isa = PBXGroup;
			children = (
				7D558EF41D439BD9004B8757 /* ViewController.swift */,
			);
			name = Classes;
			sourceTree = "<group>";
		};
/* End PBXGroup section */

/* Begin PBXNativeTarget section */
		7D1E82B11D2EDE15005EEB68 /* iOS10AnimationApi */ = {
			isa = PBXNativeTarget;
			buildConfigurationList = 7D1E82C41D2EDE16005EEB68 /* Build configuration list for PBXNativeTarget "iOS10AnimationApi" */;
			buildPhases = (
				7D1E82AE1D2EDE15005EEB68 /* Sources */,
				7D1E82AF1D2EDE15005EEB68 /* Frameworks */,
				7D1E82B01D2EDE15005EEB68 /* Resources */,
			);
			buildRules = (
			);
			dependencies = (
			);
			name = iOS10AnimationApi;
			productName = NewAnimationApi;
			productReference = 7D1E82B21D2EDE16005EEB68 /* iOS10AnimationApi.app */;
			productType = "com.apple.product-type.application";
		};
/* End PBXNativeTarget section */

/* Begin PBXProject section */
		7D1E82AA1D2EDE15005EEB68 /* Project object */ = {
			isa = PBXProject;
			attributes = {
				LastSwiftUpdateCheck = 0800;
				LastUpgradeCheck = 0800;
				ORGANIZATIONNAME = "*";
				TargetAttributes = {
					7D1E82B11D2EDE15005EEB68 = {
						CreatedOnToolsVersion = 8.0;
						DevelopmentTeam = 4QADGKELSU;
						DevelopmentTeamName = "Nino Dmitrieva (Personal Team)";
						LastSwiftMigration = 0800;
						ProvisioningStyle = Manual;
					};
				};
			};
			buildConfigurationList = 7D1E82AD1D2EDE15005EEB68 /* Build configuration list for PBXProject "iOS10AnimationApi" */;
			compatibilityVersion = "Xcode 3.2";
			developmentRegion = English;
			hasScannedForEncodings = 0;
			knownRegions = (
				en,
				Base,
			);
			mainGroup = 7D1E82A91D2EDE15005EEB68;
			productRefGroup = 7D1E82B31D2EDE16005EEB68 /* Products */;
			projectDirPath = "";
			projectRoot = "";
			targets = (
				7D1E82B11D2EDE15005EEB68 /* iOS10AnimationApi */,
			);
		};
/* End PBXProject section */

/* Begin PBXResourcesBuildPhase section */
		7D1E82B01D2EDE15005EEB68 /* Resources */ = {
			isa = PBXResourcesBuildPhase;
			buildActionMask = 2147483647;
			files = (
				7D9236091D439D2900809028 /* Main.storyboard in Resources */,
				7D9236081D439D2400809028 /* LaunchScreen.storyboard in Resources */,
				7D558EF61D439BD9004B8757 /* Assets.xcassets in Resources */,
			);
			runOnlyForDeploymentPostprocessing = 0;
		};
/* End PBXResourcesBuildPhase section */

/* Begin PBXSourcesBuildPhase section */
		7D1E82AE1D2EDE15005EEB68 /* Sources */ = {
			isa = PBXSourcesBuildPhase;
			buildActionMask = 2147483647;
			files = (
				7D558EFA1D439BD9004B8757 /* ViewController.swift in Sources */,
				7D558EF51D439BD9004B8757 /* AppDelegate.swift in Sources */,
			);
			runOnlyForDeploymentPostprocessing = 0;
		};
/* End PBXSourcesBuildPhase section */

/* Begin PBXVariantGroup section */
		7D9236021D439D1C00809028 /* LaunchScreen.storyboard */ = {
			isa = PBXVariantGroup;
			children = (
				7D9236031D439D1C00809028 /* Base */,
			);
			name = LaunchScreen.storyboard;
			sourceTree = "<group>";
		};
		7D9236041D439D1C00809028 /* Main.storyboard */ = {
			isa = PBXVariantGroup;
			children = (
				7D9236051D439D1C00809028 /* Base */,
			);
			name = Main.storyboard;
			sourceTree = "<group>";
		};
/* End PBXVariantGroup section */

/* Begin XCBuildConfiguration section */
		7D1E82C21D2EDE16005EEB68 /* Debug */ = {
			isa = XCBuildConfiguration;
			buildSettings = {
				ALWAYS_SEARCH_USER_PATHS = NO;
				CLANG_ANALYZER_NONNULL = YES;
				CLANG_CXX_LANGUAGE_STANDARD = "gnu++0x";
				CLANG_CXX_LIBRARY = "libc++";
				CLANG_ENABLE_MODULES = YES;
				CLANG_ENABLE_OBJC_ARC = YES;
				CLANG_WARN_BOOL_CONVERSION = YES;
				CLANG_WARN_CONSTANT_CONVERSION = YES;
				CLANG_WARN_DIRECT_OBJC_ISA_USAGE = YES_ERROR;
				CLANG_WARN_DOCUMENTATION_COMMENTS = YES;
				CLANG_WARN_EMPTY_BODY = YES;
				CLANG_WARN_ENUM_CONVERSION = YES;
				CLANG_WARN_INT_CONVERSION = YES;
				CLANG_WARN_OBJC_ROOT_CLASS = YES_ERROR;
				CLANG_WARN_UNREACHABLE_CODE = YES;
				CLANG_WARN__DUPLICATE_METHOD_MATCH = YES;
				"CODE_SIGN_IDENTITY[sdk=iphoneos*]" = "iPhone Developer";
				COPY_PHASE_STRIP = NO;
				DEBUG_INFORMATION_FORMAT = dwarf;
				ENABLE_STRICT_OBJC_MSGSEND = YES;
				ENABLE_TESTABILITY = YES;
				GCC_C_LANGUAGE_STANDARD = gnu99;
				GCC_DYNAMIC_NO_PIC = NO;
				GCC_NO_COMMON_BLOCKS = YES;
				GCC_OPTIMIZATION_LEVEL = 0;
				GCC_PREPROCESSOR_DEFINITIONS = (
					"DEBUG=1",
					"$(inherited)",
				);
				GCC_WARN_64_TO_32_BIT_CONVERSION = YES;
				GCC_WARN_ABOUT_RETURN_TYPE = YES_ERROR;
				GCC_WARN_UNDECLARED_SELECTOR = YES;
				GCC_WARN_UNINITIALIZED_AUTOS = YES_AGGRESSIVE;
				GCC_WARN_UNUSED_FUNCTION = YES;
				GCC_WARN_UNUSED_VARIABLE = YES;
				IPHONEOS_DEPLOYMENT_TARGET = 10.0;
				MTL_ENABLE_DEBUG_INFO = YES;
				ONLY_ACTIVE_ARCH = YES;
				SDKROOT = iphoneos;
				SWIFT_ACTIVE_COMPILATION_CONDITIONS = DEBUG;
				SWIFT_OPTIMIZATION_LEVEL = "-Onone";
			};
			name = Debug;
		};
		7D1E82C31D2EDE16005EEB68 /* Release */ = {
			isa = XCBuildConfiguration;
			buildSettings = {
				ALWAYS_SEARCH_USER_PATHS = NO;
				CLANG_ANALYZER_NONNULL = YES;
				CLANG_CXX_LANGUAGE_STANDARD = "gnu++0x";
				CLANG_CXX_LIBRARY = "libc++";
				CLANG_ENABLE_MODULES = YES;
				CLANG_ENABLE_OBJC_ARC = YES;
				CLANG_WARN_BOOL_CONVERSION = YES;
				CLANG_WARN_CONSTANT_CONVERSION = YES;
				CLANG_WARN_DIRECT_OBJC_ISA_USAGE = YES_ERROR;
				CLANG_WARN_DOCUMENTATION_COMMENTS = YES;
				CLANG_WARN_EMPTY_BODY = YES;
				CLANG_WARN_ENUM_CONVERSION = YES;
				CLANG_WARN_INT_CONVERSION = YES;
				CLANG_WARN_OBJC_ROOT_CLASS = YES_ERROR;
				CLANG_WARN_UNREACHABLE_CODE = YES;
				CLANG_WARN__DUPLICATE_METHOD_MATCH = YES;
				"CODE_SIGN_IDENTITY[sdk=iphoneos*]" = "iPhone Developer";
				COPY_PHASE_STRIP = NO;
				DEBUG_INFORMATION_FORMAT = "dwarf-with-dsym";
				ENABLE_NS_ASSERTIONS = NO;
				ENABLE_STRICT_OBJC_MSGSEND = YES;
				GCC_C_LANGUAGE_STANDARD = gnu99;
				GCC_NO_COMMON_BLOCKS = YES;
				GCC_WARN_64_TO_32_BIT_CONVERSION = YES;
				GCC_WARN_ABOUT_RETURN_TYPE = YES_ERROR;
				GCC_WARN_UNDECLARED_SELECTOR = YES;
				GCC_WARN_UNINITIALIZED_AUTOS = YES_AGGRESSIVE;
				GCC_WARN_UNUSED_FUNCTION = YES;
				GCC_WARN_UNUSED_VARIABLE = YES;
				IPHONEOS_DEPLOYMENT_TARGET = 10.0;
				MTL_ENABLE_DEBUG_INFO = NO;
				SDKROOT = iphoneos;
				SWIFT_OPTIMIZATION_LEVEL = "-Owholemodule";
				VALIDATE_PRODUCT = YES;
			};
			name = Release;
		};
		7D1E82C51D2EDE16005EEB68 /* Debug */ = {
			isa = XCBuildConfiguration;
			buildSettings = {
				ASSETCATALOG_COMPILER_APPICON_NAME = AppIcon;
				CLANG_ENABLE_MODULES = YES;
				INFOPLIST_FILE = "$(SRCROOT)/iOS10AnimationApi/Info.plist";
				LD_RUNPATH_SEARCH_PATHS = "$(inherited) @executable_path/Frameworks";
				LIBRARY_SEARCH_PATHS = (
					"$(inherited)",
					"$(PROJECT_DIR)/NewAnimationApi",
				);
				PRODUCT_BUNDLE_IDENTIFIER = new.animation.Api;
				PRODUCT_NAME = "$(TARGET_NAME)";
				SWIFT_OPTIMIZATION_LEVEL = "-Onone";
				SWIFT_VERSION = 3.0;
				TARGETED_DEVICE_FAMILY = 2;
			};
			name = Debug;
		};
		7D1E82C61D2EDE16005EEB68 /* Release */ = {
			isa = XCBuildConfiguration;
			buildSettings = {
				ASSETCATALOG_COMPILER_APPICON_NAME = AppIcon;
				CLANG_ENABLE_MODULES = YES;
				INFOPLIST_FILE = "$(SRCROOT)/iOS10AnimationApi/Info.plist";
				LD_RUNPATH_SEARCH_PATHS = "$(inherited) @executable_path/Frameworks";
				LIBRARY_SEARCH_PATHS = (
					"$(inherited)",
					"$(PROJECT_DIR)/NewAnimationApi",
				);
				PRODUCT_BUNDLE_IDENTIFIER = new.animation.Api;
				PRODUCT_NAME = "$(TARGET_NAME)";
				SWIFT_VERSION = 3.0;
				TARGETED_DEVICE_FAMILY = 2;
			};
			name = Release;
		};
/* End XCBuildConfiguration section */

/* Begin XCConfigurationList section */
		7D1E82AD1D2EDE15005EEB68 /* Build configuration list for PBXProject "iOS10AnimationApi" */ = {
			isa = XCConfigurationList;
			buildConfigurations = (
				7D1E82C21D2EDE16005EEB68 /* Debug */,
				7D1E82C31D2EDE16005EEB68 /* Release */,
			);
			defaultConfigurationIsVisible = 0;
			defaultConfigurationName = Release;
		};
		7D1E82C41D2EDE16005EEB68 /* Build configuration list for PBXNativeTarget "iOS10AnimationApi" */ = {
			isa = XCConfigurationList;
			buildConfigurations = (
				7D1E82C51D2EDE16005EEB68 /* Debug */,
				7D1E82C61D2EDE16005EEB68 /* Release */,
			);
			defaultConfigurationIsVisible = 0;
			defaultConfigurationName = Release;
		};
/* End XCConfigurationList section */
	};
	rootObject = 7D1E82AA1D2EDE15005EEB68 /* Project object */;
}
